
Microsoft Visual Studio Solution File, Format Version 12.00
# Visual Studio Version 17
VisualStudioVersion = 17.14.36616.10 d17.14
MinimumVisualStudioVersion = 10.0.40219.1
Project("{FAE04EC0-301F-11D3-BF4B-00C04F79EFBC}") = "wpfdemo0403", "wpfdemo0403\wpfdemo0403.csproj", "{13F6FCB9-F2A6-4F7E-BD6A-94B79C0118DF}"
EndProject
Global
	GlobalSection(SolutionConfigurationPlatforms) = preSolution
		Debug|Any CPU = Debug|Any CPU
		Release|Any CPU = Release|Any CPU
	EndGlobalSection
	GlobalSection(ProjectConfigurationPlatforms) = postSolution
		{13F6FCB9-F2A6-4F7E-BD6A-94B79C0118DF}.Debug|Any CPU.ActiveCfg = Debug|Any CPU
		{13F6FCB9-F2A6-4F7E-BD6A-94B79C0118DF}.Debug|Any CPU.Build.0 = Debug|Any CPU
		{13F6FCB9-F2A6-4F7E-BD6A-94B79C0118DF}.Release|Any CPU.ActiveCfg = Release|Any CPU
		{13F6FCB9-F2A6-4F7E-BD6A-94B79C0118DF}.Release|Any CPU.Build.0 = Release|Any CPU
	EndGlobalSection
	GlobalSection(SolutionProperties) = preSolution
		HideSolutionNode = FALSE
	EndGlobalSection
	GlobalSection(ExtensibilityGlobals) = postSolution
		SolutionGuid = {6A010023-61AE-4F54-BC0C-0D9985C83EF3}
	EndGlobalSection
EndGlobal
